
Microsoft Visual Studio Solution File, Format Version 12.00
# Visual Studio Version 17
VisualStudioVersion = 17.1.32210.238
MinimumVisualStudioVersion = 10.0.40219.1
Project("{FAE04EC0-301F-11D3-BF4B-00C04F79EFBC}") = "BasicCalculator(GitHub)", "BasicCalculator(GitHub)\BasicCalculator(GitHub).csproj", "{2944E042-26C0-4B1D-80D3-D872F2ACA586}"
EndProject
Global
	GlobalSection(SolutionConfigurationPlatforms) = preSolution
		Debug|Any CPU = Debug|Any CPU
		Release|Any CPU = Release|Any CPU
	EndGlobalSection
	GlobalSection(ProjectConfigurationPlatforms) = postSolution
		{2944E042-26C0-4B1D-80D3-D872F2ACA586}.Debug|Any CPU.ActiveCfg = Debug|Any CPU
		{2944E042-26C0-4B1D-80D3-D872F2ACA586}.Debug|Any CPU.Build.0 = Debug|Any CPU
		{2944E042-26C0-4B1D-80D3-D872F2ACA586}.Release|Any CPU.ActiveCfg = Release|Any CPU
		{2944E042-26C0-4B1D-80D3-D872F2ACA586}.Release|Any CPU.Build.0 = Release|Any CPU
	EndGlobalSection
	GlobalSection(SolutionProperties) = preSolution
		HideSolutionNode = FALSE
	EndGlobalSection
	GlobalSection(ExtensibilityGlobals) = postSolution
		SolutionGuid = {26B849A9-062E-40D9-921A-511BFC0C63AF}
	EndGlobalSection
EndGlobal
